
Microsoft Visual Studio Solution File, Format Version 12.00
# Visual Studio 15
VisualStudioVersion = 15.0.28010.2026
MinimumVisualStudioVersion = 10.0.40219.1
Project("{FAE04EC0-301F-11D3-BF4B-00C04F79EFBC}") = "Virtual_librarian", "Virtual_librarian\Virtual_librarian.csproj", "{E99B3268-E580-47FA-898C-F56B9D99AC72}"
	ProjectSection(ProjectDependencies) = postProject
		{2CA7BD5B-ED1A-4706-B859-B54634F70020} = {2CA7BD5B-ED1A-4706-B859-B54634F70020}
	EndProjectSection
EndProject
Project("{FAE04EC0-301F-11D3-BF4B-00C04F79EFBC}") = "FilesFunctions", "FilesFunctions\FilesFunctions.csproj", "{B03640DD-7C52-4B76-8006-128428132EC4}"
EndProject
Project("{FAE04EC0-301F-11D3-BF4B-00C04F79EFBC}") = "Interfaces", "Interfaces\Interfaces.csproj", "{5F0E20B8-C3C6-41D9-9F46-E7B974351552}"
EndProject
Project("{FAE04EC0-301F-11D3-BF4B-00C04F79EFBC}") = "Camera", "Camera\Camera.csproj", "{F13F1843-DDB0-49A0-B576-EE612FA4E7A1}"
EndProject
Project("{FAE04EC0-301F-11D3-BF4B-00C04F79EFBC}") = "LibraryObjects", "LibraryObjects\LibraryObjects.csproj", "{29E7AE70-746A-4FBF-BFDA-6BDAB75F0A8A}"
EndProject
Project("{FAE04EC0-301F-11D3-BF4B-00C04F79EFBC}") = "ExtensionMethods", "ExtensionMethods\ExtensionMethods.csproj", "{73C4B7E8-6CC2-4555-AFA7-BBF75A06CABF}"
	ProjectSection(ProjectDependencies) = postProject
		{2CA7BD5B-ED1A-4706-B859-B54634F70020} = {2CA7BD5B-ED1A-4706-B859-B54634F70020}
	EndProjectSection
EndProject
Project("{FAE04EC0-301F-11D3-BF4B-00C04F79EFBC}") = "Database", "Database\Database.csproj", "{30F1F581-5479-4629-8046-517F66C15A8B}"
EndProject
Project("{FAE04EC0-301F-11D3-BF4B-00C04F79EFBC}") = "RESTServer", "RESTServer\RESTServer.csproj", "{4A000626-99C2-4A43-92C6-91A2D90C44D5}"
EndProject
Project("{E24C65DC-7377-472B-9ABA-BC803B73C61A}") = "WCFService", "WCFService\", "{2CA7BD5B-ED1A-4706-B859-B54634F70020}"
	ProjectSection(WebsiteProperties) = preProject
		TargetFrameworkMoniker = ".NETFramework,Version%3Dv4.6.1"
		ProjectReferences = "{B03640DD-7C52-4B76-8006-128428132EC4}|FilesFunctions.dll;{5F0E20B8-C3C6-41D9-9F46-E7B974351552}|Interfaces.dll;{29e7ae70-746a-4fbf-bfda-6bdab75f0a8a}|LibraryObjects.dll;{30f1f581-5479-4629-8046-517f66c15a8b}|ClassLibrary2.dll;"
		Debug.AspNetCompiler.VirtualPath = "/localhost_52312"
		Debug.AspNetCompiler.PhysicalPath = "WCFService\"
		Debug.AspNetCompiler.TargetPath = "PrecompiledWeb\localhost_52312\"
		Debug.AspNetCompiler.Updateable = "true"
		Debug.AspNetCompiler.ForceOverwrite = "true"
		Debug.AspNetCompiler.FixedNames = "false"
		Debug.AspNetCompiler.Debug = "True"
		Release.AspNetCompiler.VirtualPath = "/localhost_52312"
		Release.AspNetCompiler.PhysicalPath = "WCFService\"
		Release.AspNetCompiler.TargetPath = "PrecompiledWeb\localhost_52312\"
		Release.AspNetCompiler.Updateable = "true"
		Release.AspNetCompiler.ForceOverwrite = "true"
		Release.AspNetCompiler.FixedNames = "false"
		Release.AspNetCompiler.Debug = "False"
		VWDPort = "52312"
		SlnRelativePath = "WCFService\"
		DefaultWebSiteLanguage = "Visual C#"
	EndProjectSection
EndProject
Project("{FAE04EC0-301F-11D3-BF4B-00C04F79EFBC}") = "ReactAPP", "ReactAPP\ReactAPP.csproj", "{BD70FBC8-6E4D-4EA1-BFCD-90DFE1A68FDF}"
	ProjectSection(ProjectDependencies) = postProject
		{2CA7BD5B-ED1A-4706-B859-B54634F70020} = {2CA7BD5B-ED1A-4706-B859-B54634F70020}
	EndProjectSection
EndProject
Project("{FAE04EC0-301F-11D3-BF4B-00C04F79EFBC}") = "DatabaseWithEntity", "DatabaseWithEntity\DatabaseWithEntity.csproj", "{F693C9BF-577B-4289-BAD2-F881A500D9EF}"
EndProject
Global
	GlobalSection(SolutionConfigurationPlatforms) = preSolution
		Debug|Any CPU = Debug|Any CPU
		Release|Any CPU = Release|Any CPU
	EndGlobalSection
	GlobalSection(ProjectConfigurationPlatforms) = postSolution
		{E99B3268-E580-47FA-898C-F56B9D99AC72}.Debug|Any CPU.ActiveCfg = Debug|Any CPU
		{E99B3268-E580-47FA-898C-F56B9D99AC72}.Debug|Any CPU.Build.0 = Debug|Any CPU
		{E99B3268-E580-47FA-898C-F56B9D99AC72}.Release|Any CPU.ActiveCfg = Release|Any CPU
		{E99B3268-E580-47FA-898C-F56B9D99AC72}.Release|Any CPU.Build.0 = Release|Any CPU
		{B03640DD-7C52-4B76-8006-128428132EC4}.Debug|Any CPU.ActiveCfg = Debug|Any CPU
		{B03640DD-7C52-4B76-8006-128428132EC4}.Debug|Any CPU.Build.0 = Debug|Any CPU
		{B03640DD-7C52-4B76-8006-128428132EC4}.Release|Any CPU.ActiveCfg = Release|Any CPU
		{B03640DD-7C52-4B76-8006-128428132EC4}.Release|Any CPU.Build.0 = Release|Any CPU
		{5F0E20B8-C3C6-41D9-9F46-E7B974351552}.Debug|Any CPU.ActiveCfg = Debug|Any CPU
		{5F0E20B8-C3C6-41D9-9F46-E7B974351552}.Debug|Any CPU.Build.0 = Debug|Any CPU
		{5F0E20B8-C3C6-41D9-9F46-E7B974351552}.Release|Any CPU.ActiveCfg = Release|Any CPU
		{5F0E20B8-C3C6-41D9-9F46-E7B974351552}.Release|Any CPU.Build.0 = Release|Any CPU
		{F13F1843-DDB0-49A0-B576-EE612FA4E7A1}.Debug|Any CPU.ActiveCfg = Debug|Any CPU
		{F13F1843-DDB0-49A0-B576-EE612FA4E7A1}.Debug|Any CPU.Build.0 = Debug|Any CPU
		{F13F1843-DDB0-49A0-B576-EE612FA4E7A1}.Release|Any CPU.ActiveCfg = Release|Any CPU
		{F13F1843-DDB0-49A0-B576-EE612FA4E7A1}.Release|Any CPU.Build.0 = Release|Any CPU
		{29E7AE70-746A-4FBF-BFDA-6BDAB75F0A8A}.Debug|Any CPU.ActiveCfg = Debug|Any CPU
		{29E7AE70-746A-4FBF-BFDA-6BDAB75F0A8A}.Debug|Any CPU.Build.0 = Debug|Any CPU
		{29E7AE70-746A-4FBF-BFDA-6BDAB75F0A8A}.Release|Any CPU.ActiveCfg = Release|Any CPU
		{29E7AE70-746A-4FBF-BFDA-6BDAB75F0A8A}.Release|Any CPU.Build.0 = Release|Any CPU
		{73C4B7E8-6CC2-4555-AFA7-BBF75A06CABF}.Debug|Any CPU.ActiveCfg = Debug|Any CPU
		{73C4B7E8-6CC2-4555-AFA7-BBF75A06CABF}.Debug|Any CPU.Build.0 = Debug|Any CPU
		{73C4B7E8-6CC2-4555-AFA7-BBF75A06CABF}.Release|Any CPU.ActiveCfg = Release|Any CPU
		{73C4B7E8-6CC2-4555-AFA7-BBF75A06CABF}.Release|Any CPU.Build.0 = Release|Any CPU
		{30F1F581-5479-4629-8046-517F66C15A8B}.Debug|Any CPU.ActiveCfg = Debug|Any CPU
		{30F1F581-5479-4629-8046-517F66C15A8B}.Debug|Any CPU.Build.0 = Debug|Any CPU
		{30F1F581-5479-4629-8046-517F66C15A8B}.Release|Any CPU.ActiveCfg = Release|Any CPU
		{30F1F581-5479-4629-8046-517F66C15A8B}.Release|Any CPU.Build.0 = Release|Any CPU
		{4A000626-99C2-4A43-92C6-91A2D90C44D5}.Debug|Any CPU.ActiveCfg = Debug|Any CPU
		{4A000626-99C2-4A43-92C6-91A2D90C44D5}.Debug|Any CPU.Build.0 = Debug|Any CPU
		{4A000626-99C2-4A43-92C6-91A2D90C44D5}.Release|Any CPU.ActiveCfg = Release|Any CPU
		{4A000626-99C2-4A43-92C6-91A2D90C44D5}.Release|Any CPU.Build.0 = Release|Any CPU
		{2CA7BD5B-ED1A-4706-B859-B54634F70020}.Debug|Any CPU.ActiveCfg = Debug|Any CPU
		{2CA7BD5B-ED1A-4706-B859-B54634F70020}.Debug|Any CPU.Build.0 = Debug|Any CPU
		{2CA7BD5B-ED1A-4706-B859-B54634F70020}.Release|Any CPU.ActiveCfg = Debug|Any CPU
		{2CA7BD5B-ED1A-4706-B859-B54634F70020}.Release|Any CPU.Build.0 = Debug|Any CPU
		{BD70FBC8-6E4D-4EA1-BFCD-90DFE1A68FDF}.Debug|Any CPU.ActiveCfg = Debug|Any CPU
		{BD70FBC8-6E4D-4EA1-BFCD-90DFE1A68FDF}.Debug|Any CPU.Build.0 = Debug|Any CPU
		{BD70FBC8-6E4D-4EA1-BFCD-90DFE1A68FDF}.Release|Any CPU.ActiveCfg = Release|Any CPU
		{BD70FBC8-6E4D-4EA1-BFCD-90DFE1A68FDF}.Release|Any CPU.Build.0 = Release|Any CPU
		{F693C9BF-577B-4289-BAD2-F881A500D9EF}.Debug|Any CPU.ActiveCfg = Debug|Any CPU
		{F693C9BF-577B-4289-BAD2-F881A500D9EF}.Debug|Any CPU.Build.0 = Debug|Any CPU
		{F693C9BF-577B-4289-BAD2-F881A500D9EF}.Release|Any CPU.ActiveCfg = Release|Any CPU
		{F693C9BF-577B-4289-BAD2-F881A500D9EF}.Release|Any CPU.Build.0 = Release|Any CPU
	EndGlobalSection
	GlobalSection(SolutionProperties) = preSolution
		HideSolutionNode = FALSE
	EndGlobalSection
	GlobalSection(ExtensibilityGlobals) = postSolution
		SolutionGuid = {B2BCEAFA-D8F1-4D19-BA91-0060A1A7A3D3}
	EndGlobalSection
EndGlobal
